
Microsoft Visual Studio Solution File, Format Version 12.00
# Visual Studio 15
VisualStudioVersion = 15.0.27004.2005
MinimumVisualStudioVersion = 10.0.40219.1
Project("{FAE04EC0-301F-11D3-BF4B-00C04F79EFBC}") = "FlyoutMvvmFriendly.UWP.Example", "FlyoutMvvmFriendly.UWP.Example\FlyoutMvvmFriendly.UWP.Example.csproj", "{90EB3BF9-635C-4730-9990-4F80F25A2041}"
EndProject
Global
	GlobalSection(SolutionConfigurationPlatforms) = preSolution
		Debug|ARM = Debug|ARM
		Debug|x64 = Debug|x64
		Debug|x86 = Debug|x86
		Release|ARM = Release|ARM
		Release|x64 = Release|x64
		Release|x86 = Release|x86
	EndGlobalSection
	GlobalSection(ProjectConfigurationPlatforms) = postSolution
		{90EB3BF9-635C-4730-9990-4F80F25A2041}.Debug|ARM.ActiveCfg = Debug|ARM
		{90EB3BF9-635C-4730-9990-4F80F25A2041}.Debug|ARM.Build.0 = Debug|ARM
		{90EB3BF9-635C-4730-9990-4F80F25A2041}.Debug|ARM.Deploy.0 = Debug|ARM
		{90EB3BF9-635C-4730-9990-4F80F25A2041}.Debug|x64.ActiveCfg = Debug|x64
		{90EB3BF9-635C-4730-9990-4F80F25A2041}.Debug|x64.Build.0 = Debug|x64
		{90EB3BF9-635C-4730-9990-4F80F25A2041}.Debug|x64.Deploy.0 = Debug|x64
		{90EB3BF9-635C-4730-9990-4F80F25A2041}.Debug|x86.ActiveCfg = Debug|x86
		{90EB3BF9-635C-4730-9990-4F80F25A2041}.Debug|x86.Build.0 = Debug|x86
		{90EB3BF9-635C-4730-9990-4F80F25A2041}.Debug|x86.Deploy.0 = Debug|x86
		{90EB3BF9-635C-4730-9990-4F80F25A2041}.Release|ARM.ActiveCfg = Release|ARM
		{90EB3BF9-635C-4730-9990-4F80F25A2041}.Release|ARM.Build.0 = Release|ARM
		{90EB3BF9-635C-4730-9990-4F80F25A2041}.Release|ARM.Deploy.0 = Release|ARM
		{90EB3BF9-635C-4730-9990-4F80F25A2041}.Release|x64.ActiveCfg = Release|x64
		{90EB3BF9-635C-4730-9990-4F80F25A2041}.Release|x64.Build.0 = Release|x64
		{90EB3BF9-635C-4730-9990-4F80F25A2041}.Release|x64.Deploy.0 = Release|x64
		{90EB3BF9-635C-4730-9990-4F80F25A2041}.Release|x86.ActiveCfg = Release|x86
		{90EB3BF9-635C-4730-9990-4F80F25A2041}.Release|x86.Build.0 = Release|x86
		{90EB3BF9-635C-4730-9990-4F80F25A2041}.Release|x86.Deploy.0 = Release|x86
	EndGlobalSection
	GlobalSection(SolutionProperties) = preSolution
		HideSolutionNode = FALSE
	EndGlobalSection
	GlobalSection(ExtensibilityGlobals) = postSolution
		SolutionGuid = {E43B47B2-85C6-4DB0-8438-CCB10AD822E9}
	EndGlobalSection
EndGlobal
